// !$*UTF8*$!
{
	archiveVersion = 1;
	classes = {
	};
	objectVersion = 50;
	objects = {

/* Begin PBXBuildFile section */
		E5C4651321F9B69E001480C2 /* AppDelegate.swift in Sources */ = {isa = PBXBuildFile; fileRef = E5C4651221F9B69E001480C2 /* AppDelegate.swift */; };
		E5C4651521F9B69E001480C2 /* ViewController.swift in Sources */ = {isa = PBXBuildFile; fileRef = E5C4651421F9B69E001480C2 /* ViewController.swift */; };
		E5C4651821F9B69E001480C2 /* Main.storyboard in Resources */ = {isa = PBXBuildFile; fileRef = E5C4651621F9B69E001480C2 /* Main.storyboard */; };
		E5C4651A21F9B6A1001480C2 /* Assets.xcassets in Resources */ = {isa = PBXBuildFile; fileRef = E5C4651921F9B6A1001480C2 /* Assets.xcassets */; };
		E5C4651D21F9B6A1001480C2 /* LaunchScreen.storyboard in Resources */ = {isa = PBXBuildFile; fileRef = E5C4651B21F9B6A1001480C2 /* LaunchScreen.storyboard */; };
		E5C5F052220C0D31000444FE /* underweight.jpg in Resources */ = {isa = PBXBuildFile; fileRef = E5C5F051220C0D31000444FE /* underweight.jpg */; };
		E5C5F054220C0D47000444FE /* healthy.jpg in Resources */ = {isa = PBXBuildFile; fileRef = E5C5F053220C0D47000444FE /* healthy.jpg */; };
		E5C5F056220C0D54000444FE /* Overweight.jpg in Resources */ = {isa = PBXBuildFile; fileRef = E5C5F055220C0D54000444FE /* Overweight.jpg */; };
		E5C5F058220C0D61000444FE /* Obese.jpg in Resources */ = {isa = PBXBuildFile; fileRef = E5C5F057220C0D60000444FE /* Obese.jpg */; };
/* End PBXBuildFile section */

/* Begin PBXFileReference section */
		E5C4650F21F9B69E001480C2 /* BMICalculator.app */ = {isa = PBXFileReference; explicitFileType = wrapper.application; includeInIndex = 0; path = BMICalculator.app; sourceTree = BUILT_PRODUCTS_DIR; };
		E5C4651221F9B69E001480C2 /* AppDelegate.swift */ = {isa = PBXFileReference; lastKnownFileType = sourcecode.swift; path = AppDelegate.swift; sourceTree = "<group>"; };
		E5C4651421F9B69E001480C2 /* ViewController.swift */ = {isa = PBXFileReference; lastKnownFileType = sourcecode.swift; path = ViewController.swift; sourceTree = "<group>"; };
		E5C4651721F9B69E001480C2 /* Base */ = {isa = PBXFileReference; lastKnownFileType = file.storyboard; name = Base; path = Base.lproj/Main.storyboard; sourceTree = "<group>"; };
		E5C4651921F9B6A1001480C2 /* Assets.xcassets */ = {isa = PBXFileReference; lastKnownFileType = folder.assetcatalog; path = Assets.xcassets; sourceTree = "<group>"; };
		E5C4651C21F9B6A1001480C2 /* Base */ = {isa = PBXFileReference; lastKnownFileType = file.storyboard; name = Base; path = Base.lproj/LaunchScreen.storyboard; sourceTree = "<group>"; };
		E5C4651E21F9B6A1001480C2 /* Info.plist */ = {isa = PBXFileReference; lastKnownFileType = text.plist.xml; path = Info.plist; sourceTree = "<group>"; };
		E5C5F051220C0D31000444FE /* underweight.jpg */ = {isa = PBXFileReference; lastKnownFileType = image.jpeg; path = underweight.jpg; sourceTree = "<group>"; };
		E5C5F053220C0D47000444FE /* healthy.jpg */ = {isa = PBXFileReference; lastKnownFileType = image.jpeg; path = healthy.jpg; sourceTree = "<group>"; };
		E5C5F055220C0D54000444FE /* Overweight.jpg */ = {isa = PBXFileReference; lastKnownFileType = image.jpeg; path = Overweight.jpg; sourceTree = "<group>"; };
		E5C5F057220C0D60000444FE /* Obese.jpg */ = {isa = PBXFileReference; lastKnownFileType = image.jpeg; path = Obese.jpg; sourceTree = "<group>"; };
/* End PBXFileReference section */

/* Begin PBXFrameworksBuildPhase section */
		E5C4650C21F9B69E001480C2 /* Frameworks */ = {
			isa = PBXFrameworksBuildPhase;
			buildActionMask = 2147483647;
			files = (
			);
			runOnlyForDeploymentPostprocessing = 0;
		};
/* End PBXFrameworksBuildPhase section */

/* Begin PBXGroup section */
		E5C4650621F9B69E001480C2 = {
			isa = PBXGroup;
			children = (
				E5C4651121F9B69E001480C2 /* BMICalculator */,
				E5C4651021F9B69E001480C2 /* Products */,
			);
			sourceTree = "<group>";
		};
		E5C4651021F9B69E001480C2 /* Products */ = {
			isa = PBXGroup;
			children = (
				E5C4650F21F9B69E001480C2 /* BMICalculator.app */,
			);
			name = Products;
			sourceTree = "<group>";
		};
		E5C4651121F9B69E001480C2 /* BMICalculator */ = {
			isa = PBXGroup;
			children = (
				E5C5F051220C0D31000444FE /* underweight.jpg */,
				E5C5F055220C0D54000444FE /* Overweight.jpg */,
				E5C5F057220C0D60000444FE /* Obese.jpg */,
				E5C5F053220C0D47000444FE /* healthy.jpg */,
				E5C4651221F9B69E001480C2 /* AppDelegate.swift */,
				E5C4651421F9B69E001480C2 /* ViewController.swift */,
				E5C4651621F9B69E001480C2 /* Main.storyboard */,
				E5C4651921F9B6A1001480C2 /* Assets.xcassets */,
				E5C4651B21F9B6A1001480C2 /* LaunchScreen.storyboard */,
				E5C4651E21F9B6A1001480C2 /* Info.plist */,
			);
			path = BMICalculator;
			sourceTree = "<group>";
		};
/* End PBXGroup section */

/* Begin PBXNativeTarget section */
		E5C4650E21F9B69E001480C2 /* BMICalculator */ = {
			isa = PBXNativeTarget;
			buildConfigurationList = E5C4652121F9B6A1001480C2 /* Build configuration list for PBXNativeTarget "BMICalculator" */;
			buildPhases = (
				E5C4650B21F9B69E001480C2 /* Sources */,
				E5C4650C21F9B69E001480C2 /* Frameworks */,
				E5C4650D21F9B69E001480C2 /* Resources */,
			);
			buildRules = (
			);
			dependencies = (
			);
			name = BMICalculator;
			productName = BMICalculator;
			productReference = E5C4650F21F9B69E001480C2 /* BMICalculator.app */;
			productType = "com.apple.product-type.application";
		};
/* End PBXNativeTarget section */

/* Begin PBXProject section */
		E5C4650721F9B69E001480C2 /* Project object */ = {
			isa = PBXProject;
			attributes = {
				LastSwiftUpdateCheck = 1010;
				LastUpgradeCheck = 1010;
				ORGANIZATIONNAME = GDROM;
				TargetAttributes = {
					E5C4650E21F9B69E001480C2 = {
						CreatedOnToolsVersion = 10.1;
					};
				};
			};
			buildConfigurationList = E5C4650A21F9B69E001480C2 /* Build configuration list for PBXProject "BMICalculator" */;
			compatibilityVersion = "Xcode 9.3";
			developmentRegion = en;
			hasScannedForEncodings = 0;
			knownRegions = (
				en,
				Base,
			);
			mainGroup = E5C4650621F9B69E001480C2;
			productRefGroup = E5C4651021F9B69E001480C2 /* Products */;
			projectDirPath = "";
			projectRoot = "";
			targets = (
				E5C4650E21F9B69E001480C2 /* BMICalculator */,
			);
		};
/* End PBXProject section */

/* Begin PBXResourcesBuildPhase section */
		E5C4650D21F9B69E001480C2 /* Resources */ = {
			isa = PBXResourcesBuildPhase;
			buildActionMask = 2147483647;
			files = (
				E5C5F052220C0D31000444FE /* underweight.jpg in Resources */,
				E5C4651D21F9B6A1001480C2 /* LaunchScreen.storyboard in Resources */,
				E5C4651A21F9B6A1001480C2 /* Assets.xcassets in Resources */,
				E5C5F058220C0D61000444FE /* Obese.jpg in Resources */,
				E5C5F056220C0D54000444FE /* Overweight.jpg in Resources */,
				E5C5F054220C0D47000444FE /* healthy.jpg in Resources */,
				E5C4651821F9B69E001480C2 /* Main.storyboard in Resources */,
			);
			runOnlyForDeploymentPostprocessing = 0;
		};
/* End PBXResourcesBuildPhase section */

/* Begin PBXSourcesBuildPhase section */
		E5C4650B21F9B69E001480C2 /* Sources */ = {
			isa = PBXSourcesBuildPhase;
			buildActionMask = 2147483647;
			files = (
				E5C4651521F9B69E001480C2 /* ViewController.swift in Sources */,
				E5C4651321F9B69E001480C2 /* AppDelegate.swift in Sources */,
			);
			runOnlyForDeploymentPostprocessing = 0;
		};
/* End PBXSourcesBuildPhase section */

/* Begin PBXVariantGroup section */
		E5C4651621F9B69E001480C2 /* Main.storyboard */ = {
			isa = PBXVariantGroup;
			children = (
				E5C4651721F9B69E001480C2 /* Base */,
			);
			name = Main.storyboard;
			sourceTree = "<group>";
		};
		E5C4651B21F9B6A1001480C2 /* LaunchScreen.storyboard */ = {
			isa = PBXVariantGroup;
			children = (
				E5C4651C21F9B6A1001480C2 /* Base */,
			);
			name = LaunchScreen.storyboard;
			sourceTree = "<group>";
		};
/* End PBXVariantGroup section */

/* Begin XCBuildConfiguration section */
		E5C4651F21F9B6A1001480C2 /* Debug */ = {
			isa = XCBuildConfiguration;
			buildSettings = {
				ALWAYS_SEARCH_USER_PATHS = NO;
				CLANG_ANALYZER_NONNULL = YES;
				CLANG_ANALYZER_NUMBER_OBJECT_CONVERSION = YES_AGGRESSIVE;
				CLANG_CXX_LANGUAGE_STANDARD = "gnu++14";
				CLANG_CXX_LIBRARY = "libc++";
				CLANG_ENABLE_MODULES = YES;
				CLANG_ENABLE_OBJC_ARC = YES;
				CLANG_ENABLE_OBJC_WEAK = YES;
				CLANG_WARN_BLOCK_CAPTURE_AUTORELEASING = YES;
				CLANG_WARN_BOOL_CONVERSION = YES;
				CLANG_WARN_COMMA = YES;
				CLANG_WARN_CONSTANT_CONVERSION = YES;
				CLANG_WARN_DEPRECATED_OBJC_IMPLEMENTATIONS = YES;
				CLANG_WARN_DIRECT_OBJC_ISA_USAGE = YES_ERROR;
				CLANG_WARN_DOCUMENTATION_COMMENTS = YES;
				CLANG_WARN_EMPTY_BODY = YES;
				CLANG_WARN_ENUM_CONVERSION = YES;
				CLANG_WARN_INFINITE_RECURSION = YES;
				CLANG_WARN_INT_CONVERSION = YES;
				CLANG_WARN_NON_LITERAL_NULL_CONVERSION = YES;
				CLANG_WARN_OBJC_IMPLICIT_RETAIN_SELF = YES;
				CLANG_WARN_OBJC_LITERAL_CONVERSION = YES;
				CLANG_WARN_OBJC_ROOT_CLASS = YES_ERROR;
				CLANG_WARN_RANGE_LOOP_ANALYSIS = YES;
				CLANG_WARN_STRICT_PROTOTYPES = YES;
				CLANG_WARN_SUSPICIOUS_MOVE = YES;
				CLANG_WARN_UNGUARDED_AVAILABILITY = YES_AGGRESSIVE;
				CLANG_WARN_UNREACHABLE_CODE = YES;
				CLANG_WARN__DUPLICATE_METHOD_MATCH = YES;
				CODE_SIGN_IDENTITY = "iPhone Developer";
				COPY_PHASE_STRIP = NO;
				DEBUG_INFORMATION_FORMAT = dwarf;
				ENABLE_STRICT_OBJC_MSGSEND = YES;
				ENABLE_TESTABILITY = YES;
				GCC_C_LANGUAGE_STANDARD = gnu11;
				GCC_DYNAMIC_NO_PIC = NO;
				GCC_NO_COMMON_BLOCKS = YES;
				GCC_OPTIMIZATION_LEVEL = 0;
				GCC_PREPROCESSOR_DEFINITIONS = (
					"DEBUG=1",
					"$(inherited)",
				);
				GCC_WARN_64_TO_32_BIT_CONVERSION = YES;
				GCC_WARN_ABOUT_RETURN_TYPE = YES_ERROR;
				GCC_WARN_UNDECLARED_SELECTOR = YES;
				GCC_WARN_UNINITIALIZED_AUTOS = YES_AGGRESSIVE;
				GCC_WARN_UNUSED_FUNCTION = YES;
				GCC_WARN_UNUSED_VARIABLE = YES;
				IPHONEOS_DEPLOYMENT_TARGET = 12.1;
				MTL_ENABLE_DEBUG_INFO = INCLUDE_SOURCE;
				MTL_FAST_MATH = YES;
				ONLY_ACTIVE_ARCH = YES;
				SDKROOT = iphoneos;
				SWIFT_ACTIVE_COMPILATION_CONDITIONS = DEBUG;
				SWIFT_OPTIMIZATION_LEVEL = "-Onone";
			};
			name = Debug;
		};
		E5C4652021F9B6A1001480C2 /* Release */ = {
			isa = XCBuildConfiguration;
			buildSettings = {
				ALWAYS_SEARCH_USER_PATHS = NO;
				CLANG_ANALYZER_NONNULL = YES;
				CLANG_ANALYZER_NUMBER_OBJECT_CONVERSION = YES_AGGRESSIVE;
				CLANG_CXX_LANGUAGE_STANDARD = "gnu++14";
				CLANG_CXX_LIBRARY = "libc++";
				CLANG_ENABLE_MODULES = YES;
				CLANG_ENABLE_OBJC_ARC = YES;
				CLANG_ENABLE_OBJC_WEAK = YES;
				CLANG_WARN_BLOCK_CAPTURE_AUTORELEASING = YES;
				CLANG_WARN_BOOL_CONVERSION = YES;
				CLANG_WARN_COMMA = YES;
				CLANG_WARN_CONSTANT_CONVERSION = YES;
				CLANG_WARN_DEPRECATED_OBJC_IMPLEMENTATIONS = YES;
				CLANG_WARN_DIRECT_OBJC_ISA_USAGE = YES_ERROR;
				CLANG_WARN_DOCUMENTATION_COMMENTS = YES;
				CLANG_WARN_EMPTY_BODY = YES;
				CLANG_WARN_ENUM_CONVERSION = YES;
				CLANG_WARN_INFINITE_RECURSION = YES;
				CLANG_WARN_INT_CONVERSION = YES;
				CLANG_WARN_NON_LITERAL_NULL_CONVERSION = YES;
				CLANG_WARN_OBJC_IMPLICIT_RETAIN_SELF = YES;
				CLANG_WARN_OBJC_LITERAL_CONVERSION = YES;
				CLANG_WARN_OBJC_ROOT_CLASS = YES_ERROR;
				CLANG_WARN_RANGE_LOOP_ANALYSIS = YES;
				CLANG_WARN_STRICT_PROTOTYPES = YES;
				CLANG_WARN_SUSPICIOUS_MOVE = YES;
				CLANG_WARN_UNGUARDED_AVAILABILITY = YES_AGGRESSIVE;
				CLANG_WARN_UNREACHABLE_CODE = YES;
				CLANG_WARN__DUPLICATE_METHOD_MATCH = YES;
				CODE_SIGN_IDENTITY = "iPhone Developer";
				COPY_PHASE_STRIP = NO;
				DEBUG_INFORMATION_FORMAT = "dwarf-with-dsym";
				ENABLE_NS_ASSERTIONS = NO;
				ENABLE_STRICT_OBJC_MSGSEND = YES;
				GCC_C_LANGUAGE_STANDARD = gnu11;
				GCC_NO_COMMON_BLOCKS = YES;
				GCC_WARN_64_TO_32_BIT_CONVERSION = YES;
				GCC_WARN_ABOUT_RETURN_TYPE = YES_ERROR;
				GCC_WARN_UNDECLARED_SELECTOR = YES;
				GCC_WARN_UNINITIALIZED_AUTOS = YES_AGGRESSIVE;
				GCC_WARN_UNUSED_FUNCTION = YES;
				GCC_WARN_UNUSED_VARIABLE = YES;
				IPHONEOS_DEPLOYMENT_TARGET = 12.1;
				MTL_ENABLE_DEBUG_INFO = NO;
				MTL_FAST_MATH = YES;
				SDKROOT = iphoneos;
				SWIFT_COMPILATION_MODE = wholemodule;
				SWIFT_OPTIMIZATION_LEVEL = "-O";
				VALIDATE_PRODUCT = YES;
			};
			name = Release;
		};
		E5C4652221F9B6A1001480C2 /* Debug */ = {
			isa = XCBuildConfiguration;
			buildSettings = {
				ASSETCATALOG_COMPILER_APPICON_NAME = AppIcon;
				CODE_SIGN_STYLE = Automatic;
				INFOPLIST_FILE = BMICalculator/Info.plist;
				LD_RUNPATH_SEARCH_PATHS = (
					"$(inherited)",
					"@executable_path/Frameworks",
				);
				PRODUCT_BUNDLE_IDENTIFIER = gdrom.BMICalculator;
				PRODUCT_NAME = "$(TARGET_NAME)";
				SWIFT_VERSION = 4.2;
				TARGETED_DEVICE_FAMILY = "1,2";
			};
			name = Debug;
		};
		E5C4652321F9B6A1001480C2 /* Release */ = {
			isa = XCBuildConfiguration;
			buildSettings = {
				ASSETCATALOG_COMPILER_APPICON_NAME = AppIcon;
				CODE_SIGN_STYLE = Automatic;
				INFOPLIST_FILE = BMICalculator/Info.plist;
				LD_RUNPATH_SEARCH_PATHS = (
					"$(inherited)",
					"@executable_path/Frameworks",
				);
				PRODUCT_BUNDLE_IDENTIFIER = gdrom.BMICalculator;
				PRODUCT_NAME = "$(TARGET_NAME)";
				SWIFT_VERSION = 4.2;
				TARGETED_DEVICE_FAMILY = "1,2";
			};
			name = Release;
		};
/* End XCBuildConfiguration section */

/* Begin XCConfigurationList section */
		E5C4650A21F9B69E001480C2 /* Build configuration list for PBXProject "BMICalculator" */ = {
			isa = XCConfigurationList;
			buildConfigurations = (
				E5C4651F21F9B6A1001480C2 /* Debug */,
				E5C4652021F9B6A1001480C2 /* Release */,
			);
			defaultConfigurationIsVisible = 0;
			defaultConfigurationName = Release;
		};
		E5C4652121F9B6A1001480C2 /* Build configuration list for PBXNativeTarget "BMICalculator" */ = {
			isa = XCConfigurationList;
			buildConfigurations = (
				E5C4652221F9B6A1001480C2 /* Debug */,
				E5C4652321F9B6A1001480C2 /* Release */,
			);
			defaultConfigurationIsVisible = 0;
			defaultConfigurationName = Release;
		};
/* End XCConfigurationList section */
	};
	rootObject = E5C4650721F9B69E001480C2 /* Project object */;
}
